
Microsoft Visual Studio Solution File, Format Version 12.00
# Visual Studio Version 17
VisualStudioVersion = 17.6.33829.357
MinimumVisualStudioVersion = 10.0.40219.1
Project("{FAE04EC0-301F-11D3-BF4B-00C04F79EFBC}") = "CrazyDiamond", "CrazyDiamond.csproj", "{05538595-C154-4387-8CD6-E37BA3EDBCBB}"
EndProject
Global
	GlobalSection(SolutionConfigurationPlatforms) = preSolution
		Debug|Any CPU = Debug|Any CPU
		Release|Any CPU = Release|Any CPU
	EndGlobalSection
	GlobalSection(ProjectConfigurationPlatforms) = postSolution
		{05538595-C154-4387-8CD6-E37BA3EDBCBB}.Debug|Any CPU.ActiveCfg = Debug|Any CPU
		{05538595-C154-4387-8CD6-E37BA3EDBCBB}.Debug|Any CPU.Build.0 = Debug|Any CPU
		{05538595-C154-4387-8CD6-E37BA3EDBCBB}.Release|Any CPU.ActiveCfg = Release|Any CPU
		{05538595-C154-4387-8CD6-E37BA3EDBCBB}.Release|Any CPU.Build.0 = Release|Any CPU
	EndGlobalSection
	GlobalSection(SolutionProperties) = preSolution
		HideSolutionNode = FALSE
	EndGlobalSection
	GlobalSection(ExtensibilityGlobals) = postSolution
		SolutionGuid = {41E82651-0FD2-4550-A136-D660318FC463}
	EndGlobalSection
EndGlobal
